<?xml version="1.0" encoding="utf-8"?>
<Project ToolsVersion="4.0" xmlns="http://schemas.microsoft.com/developer/msbuild/2003">
  <ItemGroup>
    <Filter Include="Components">
      <UniqueIdentifier>{847e9994-ca20-4e51-a890-cae897d8bc20}</UniqueIdentifier>
    </Filter>
    <Filter Include="Renderer">
      <UniqueIdentifier>{e6679e80-6f21-4b21-a238-978d31b00bc6}</UniqueIdentifier>
    </Filter>
    <Filter Include="UI">
      <UniqueIdentifier>{c998a6ff-1757-4614-a41c-49ac5c04f945}</UniqueIdentifier>
    </Filter>
    <Filter Include="Utils">
      <UniqueIdentifier>{2251bd66-3479-4fec-9ece-fdab5783f6a3}</UniqueIdentifier>
    </Filter>
  </ItemGroup>
</Project>