<?xml version="1.0" encoding="utf-8"?>
<Project ToolsVersion="4.0" xmlns="http://schemas.microsoft.com/developer/msbuild/2003">
  <ItemGroup>
    <Filter Include="Components">
      <UniqueIdentifier>{847e9994-ca20-4e51-a890-cae897d8bc20}</UniqueIdentifier>
    </Filter>
    <Filter Include="Renderer">
      <UniqueIdentifier>{e6679e80-6f21-4b21-a238-978d31b00bc6}</UniqueIdentifier>
    </Filter>
    <Filter Include="UI">
      <UniqueIdentifier>{c998a6ff-1757-4614-a41c-49ac5c04f945}</UniqueIdentifier>
    </Filter>
    <Filter Include="Utils">
      <UniqueIdentifier>{2251bd66-3479-4fec-9ece-fdab5783f6a3}</UniqueIdentifier>
    </Filter>
    <Filter Include="Scene">
      <UniqueIdentifier>{9877ad1d-84ff-4d85-ae54-c6bbf38132e9}</UniqueIdentifier>
    </Filter>
    <Filter Include="Shaders">
      <UniqueIdentifier>{e89178ad-38f1-4d01-8fbe-afa5f13a3dbd}</UniqueIdentifier>
    </Filter>
    <Filter Include="Physics">
      <UniqueIdentifier>{ec3ae381-4eac-45b9-b1d2-b9b3a773bd40}</UniqueIdentifier>
    </Filter>
    <Filter Include="Event">
      <UniqueIdentifier>{51a4d1b3-7aef-4663-ba31-bfbd80afb690}</UniqueIdentifier>
    </Filter>
    <Filter Include="Debugging">
      <UniqueIdentifier>{7ff563d9-0a64-4a6f-a36c-19b5b2d79e4e}</UniqueIdentifier>
    </Filter>
    <Filter Include="Sound">
      <UniqueIdentifier>{e28487a1-bf35-4061-a7c7-79fdf3d7026d}</UniqueIdentifier>
    </Filter>
    <Filter Include="Animation">
      <UniqueIdentifier>{c242e46b-2664-483e-a2d9-1d383e4b5e08}</UniqueIdentifier>
    </Filter>
  </ItemGroup>
  <ItemGroup>
    <ClCompile Include="Components\BaseComponent.cpp">
      <Filter>Components</Filter>
    </ClCompile>
    <ClCompile Include="Components\Transform.cpp">
      <Filter>Components</Filter>
    </ClCompile>
    <ClCompile Include="Utils\Logger.cpp">
      <Filter>Utils</Filter>
    </ClCompile>
    <ClCompile Include="UI\TextRenderer.cpp">
      <Filter>UI</Filter>
    </ClCompile>
    <ClCompile Include="Renderer\ShaderProgram.cpp">
      <Filter>Renderer</Filter>
    </ClCompile>
    <ClCompile Include="Renderer\Texture2D.cpp">
      <Filter>Renderer</Filter>
    </ClCompile>
    <ClCompile Include="Renderer\VertexArrayObject.cpp">
      <Filter>Renderer</Filter>
    </ClCompile>
    <ClCompile Include="Engine.cpp" />
    <ClCompile Include="glad.c" />
    <ClCompile Include="GLFWGame.cpp" />
    <ClCompile Include="InputHandler.cpp" />
    <ClCompile Include="Main.cpp" />
    <ClCompile Include="Timer.cpp" />
    <ClCompile Include="Scene\Scene.cpp">
      <Filter>Scene</Filter>
    </ClCompile>
    <ClCompile Include="Components\GameActor.cpp">
      <Filter>Components</Filter>
    </ClCompile>
    <ClCompile Include="Scene\DebugCamera.cpp">
      <Filter>Scene</Filter>
    </ClCompile>
    <ClCompile Include="Scene\CameraNode.cpp">
      <Filter>Scene</Filter>
    </ClCompile>
    <ClCompile Include="Scene\BaseNode.cpp">
      <Filter>Scene</Filter>
    </ClCompile>
    <ClCompile Include="Components\BaseRenderComponent.cpp">
      <Filter>Components</Filter>
    </ClCompile>
    <ClCompile Include="Scene\BoxNode.cpp">
      <Filter>Scene</Filter>
    </ClCompile>
    <ClCompile Include="Scene\SphereNode.cpp">
      <Filter>Scene</Filter>
    </ClCompile>
    <ClCompile Include="Scene\SkyNode.cpp">
      <Filter>Scene</Filter>
    </ClCompile>
    <ClCompile Include="Renderer\Cubemap.cpp">
      <Filter>Renderer</Filter>
    </ClCompile>
    <ClCompile Include="Renderer\GLRenderer.cpp">
      <Filter>Renderer</Filter>
    </ClCompile>
    <ClCompile Include="Renderer\RenderState.cpp">
      <Filter>Renderer</Filter>
    </ClCompile>
    <ClCompile Include="Renderer\Framebuffer.cpp">
      <Filter>Renderer</Filter>
    </ClCompile>
    <ClCompile Include="Components\PawnActor.cpp">
      <Filter>Components</Filter>
    </ClCompile>
    <ClCompile Include="Renderer\RenderPass.cpp">
      <Filter>Renderer</Filter>
    </ClCompile>
    <ClCompile Include="Renderer\Material.cpp">
      <Filter>Renderer</Filter>
    </ClCompile>
    <ClCompile Include="Scene\WaterNode.cpp">
      <Filter>Scene</Filter>
    </ClCompile>
    <ClCompile Include="Scene\BoundingVolume.cpp">
      <Filter>Scene</Filter>
    </ClCompile>
    <ClCompile Include="Scene\Frustum.cpp">
      <Filter>Scene</Filter>
    </ClCompile>
    <ClCompile Include="Physics\ProjectileComponent.cpp">
      <Filter>Physics</Filter>
    </ClCompile>
    <ClCompile Include="Physics\Collider.cpp">
      <Filter>Physics</Filter>
    </ClCompile>
    <ClCompile Include="Physics\CollisionDetector.cpp">
      <Filter>Physics</Filter>
    </ClCompile>
    <ClCompile Include="Event\EventDispatcher.cpp">
      <Filter>Event</Filter>
    </ClCompile>
    <ClCompile Include="ActorFactory.cpp" />
    <ClCompile Include="Globals.cpp" />
    <ClCompile Include="Scene\ArrowNode.cpp">
      <Filter>Scene</Filter>
    </ClCompile>
    <ClCompile Include="Components\RigidBodyComponent.cpp">
      <Filter>Components</Filter>
    </ClCompile>
    <ClCompile Include="Physics\Physics.cpp">
      <Filter>Physics</Filter>
    </ClCompile>
    <ClCompile Include="Debugging\Diagnostics.cpp">
      <Filter>Debugging</Filter>
    </ClCompile>
    <ClCompile Include="Random.cpp" />
    <ClCompile Include="Scene\ContactsNode.cpp">
      <Filter>Scene</Filter>
    </ClCompile>
    <ClCompile Include="Scene\ModelNode.cpp">
      <Filter>Scene</Filter>
    </ClCompile>
    <ClCompile Include="Components\PlayerMovementComponent.cpp">
      <Filter>Components</Filter>
    </ClCompile>
    <ClCompile Include="Components\AnimationComponent.cpp">
      <Filter>Components</Filter>
    </ClCompile>
    <ClCompile Include="Animation\Animation.cpp">
      <Filter>Animation</Filter>
    </ClCompile>
    <ClCompile Include="Animation\Joint.cpp">
      <Filter>Animation</Filter>
    </ClCompile>
    <ClCompile Include="Animation\KeyFrame.cpp">
      <Filter>Animation</Filter>
    </ClCompile>
    <ClCompile Include="Model.cpp" />
  </ItemGroup>
  <ItemGroup>
    <ClInclude Include="Components\BaseComponent.h">
      <Filter>Components</Filter>
    </ClInclude>
    <ClInclude Include="Components\Transform.h">
      <Filter>Components</Filter>
    </ClInclude>
    <ClInclude Include="Utils\Logger.h">
      <Filter>Utils</Filter>
    </ClInclude>
    <ClInclude Include="UI\TextRenderer.hpp">
      <Filter>UI</Filter>
    </ClInclude>
    <ClInclude Include="Renderer\ShaderProgram.h">
      <Filter>Renderer</Filter>
    </ClInclude>
    <ClInclude Include="Renderer\Texture2D.h">
      <Filter>Renderer</Filter>
    </ClInclude>
    <ClInclude Include="Renderer\VertexArrayObject.h">
      <Filter>Renderer</Filter>
    </ClInclude>
    <ClInclude Include="Engine.h" />
    <ClInclude Include="GLFWGame.h" />
    <ClInclude Include="Helpers.h" />
    <ClInclude Include="InputHandler.h" />
    <ClInclude Include="Timer.h" />
    <ClInclude Include="UserInputListener.h" />
    <ClInclude Include="Scene\Scene.h">
      <Filter>Scene</Filter>
    </ClInclude>
    <ClInclude Include="Components\GameActor.h">
      <Filter>Components</Filter>
    </ClInclude>
    <ClInclude Include="Scene\DebugCamera.h">
      <Filter>Scene</Filter>
    </ClInclude>
    <ClInclude Include="Scene\CameraNode.h">
      <Filter>Scene</Filter>
    </ClInclude>
    <ClInclude Include="Scene\BaseNode.h">
      <Filter>Scene</Filter>
    </ClInclude>
    <ClInclude Include="Scene\defines.h" />
    <ClInclude Include="Scene\BoxNode.h">
      <Filter>Scene</Filter>
    </ClInclude>
    <ClInclude Include="Scene\SphereNode.h">
      <Filter>Scene</Filter>
    </ClInclude>
    <ClInclude Include="Scene\SkyNode.h">
      <Filter>Scene</Filter>
    </ClInclude>
    <ClInclude Include="Renderer\Cubemap.h">
      <Filter>Renderer</Filter>
    </ClInclude>
    <ClInclude Include="Renderer\GLRenderer.h">
      <Filter>Renderer</Filter>
    </ClInclude>
    <ClInclude Include="Renderer\RenderState.h">
      <Filter>Renderer</Filter>
    </ClInclude>
    <ClInclude Include="Renderer\Framebuffer.h">
      <Filter>Renderer</Filter>
    </ClInclude>
    <ClInclude Include="Components\PawnActor.h">
      <Filter>Components</Filter>
    </ClInclude>
    <ClInclude Include="Renderer\RenderPass.h">
      <Filter>Renderer</Filter>
    </ClInclude>
    <ClInclude Include="Renderer\Material.h">
      <Filter>Renderer</Filter>
    </ClInclude>
    <ClInclude Include="Scene\SunNode.h">
      <Filter>Scene</Filter>
    </ClInclude>
    <ClInclude Include="Scene\WaterNode.h">
      <Filter>Scene</Filter>
    </ClInclude>
    <ClInclude Include="Scene\BoundingVolume.h">
      <Filter>Scene</Filter>
    </ClInclude>
    <ClInclude Include="Scene\Frustum.h">
      <Filter>Scene</Filter>
    </ClInclude>
    <ClInclude Include="Physics\Constants.h">
      <Filter>Physics</Filter>
    </ClInclude>
    <ClInclude Include="Physics\ProjectileComponent.h">
      <Filter>Physics</Filter>
    </ClInclude>
    <ClInclude Include="Physics\CollisionDetector.h">
      <Filter>Physics</Filter>
    </ClInclude>
    <ClInclude Include="Physics\Collider.h">
      <Filter>Physics</Filter>
    </ClInclude>
    <ClInclude Include="Event\Events.h">
      <Filter>Event</Filter>
    </ClInclude>
    <ClInclude Include="Event\EventType.h">
      <Filter>Event</Filter>
    </ClInclude>
    <ClInclude Include="Event\EventDispatcher.h">
      <Filter>Event</Filter>
    </ClInclude>
    <ClInclude Include="ActorFactory.h" />
    <ClInclude Include="Globals.h" />
    <ClInclude Include="Scene\ArrowNode.h">
      <Filter>Scene</Filter>
    </ClInclude>
    <ClInclude Include="Components\RigidBodyComponent.h">
      <Filter>Components</Filter>
    </ClInclude>
    <ClInclude Include="Debugging\Diagnostics.h">
      <Filter>Debugging</Filter>
    </ClInclude>
    <ClInclude Include="Physics\Physics.h">
      <Filter>Physics</Filter>
    </ClInclude>
    <ClInclude Include="Random.h" />
    <ClInclude Include="Scene\ContactsNode.h">
      <Filter>Scene</Filter>
    </ClInclude>
    <ClInclude Include="Scene\BoundNodes.h">
      <Filter>Scene</Filter>
    </ClInclude>
    <ClInclude Include="Mesh.h" />
    <ClInclude Include="Model.h" />
    <ClInclude Include="Scene\ModelNode.h">
      <Filter>Scene</Filter>
    </ClInclude>
    <ClInclude Include="Components\PlayerMovementComponent.h">
      <Filter>Components</Filter>
    </ClInclude>
    <ClInclude Include="Animation\Animation.h">
      <Filter>Animation</Filter>
    </ClInclude>
    <ClInclude Include="Animation\KeyFrame.h">
      <Filter>Animation</Filter>
    </ClInclude>
    <ClInclude Include="Animation\Joint.h">
      <Filter>Animation</Filter>
    </ClInclude>
    <ClInclude Include="Components\AnimationComponent.h">
      <Filter>Components</Filter>
    </ClInclude>
    <ClInclude Include="Components\BaseRenderComponent.h">
      <Filter>Animation</Filter>
    </ClInclude>
  </ItemGroup>
  <ItemGroup>
    <Text Include="log.txt" />
  </ItemGroup>
  <ItemGroup>
    <None Include="Assets\Shaders\text_fs.glsl">
      <Filter>Shaders</Filter>
    </None>
    <None Include="Assets\Shaders\text_vs.glsl">
      <Filter>Shaders</Filter>
    </None>
    <None Include="Assets\Shaders\main_output_fs.glsl">
      <Filter>Shaders</Filter>
    </None>
    <None Include="Assets\Shaders\main_output_vs.glsl">
      <Filter>Shaders</Filter>
    </None>
    <None Include="Assets\Shaders\shadow_map_vs.glsl">
      <Filter>Shaders</Filter>
    </None>
    <None Include="Assets\Shaders\shadow_map_fs.glsl">
      <Filter>Shaders</Filter>
    </None>
    <None Include="Assets\Shaders\solids_fs.glsl">
      <Filter>Shaders</Filter>
    </None>
    <None Include="Assets\Shaders\solids_vs.glsl">
      <Filter>Shaders</Filter>
    </None>
    <None Include="Assets\Shaders\skybox_vs.glsl">
      <Filter>Shaders</Filter>
    </None>
    <None Include="Assets\Shaders\skybox_fs.glsl">
      <Filter>Shaders</Filter>
    </None>
    <None Include="frustum_vs.glsl" />
    <None Include="frustum_fs.glsl" />
    <None Include="Assets\Shaders\water_fs.glsl">
      <Filter>Shaders</Filter>
    </None>
    <None Include="Assets\Shaders\water_vs.glsl">
      <Filter>Shaders</Filter>
    </None>
    <None Include="Assets\Shaders\water_pass_vs.glsl">
      <Filter>Shaders</Filter>
    </None>
    <None Include="Assets\Shaders\water_pass_fs.glsl">
      <Filter>Shaders</Filter>
    </None>
    <None Include="Assets\Shaders\outlined_fs.glsl">
      <Filter>Shaders</Filter>
    </None>
    <None Include="Assets\Shaders\outlined_vs.glsl">
      <Filter>Shaders</Filter>
    </None>
    <None Include="Assets\Fonts\ocr.fnt" />
    <None Include="Assets\Shaders\unlit_solids_fs.glsl">
      <Filter>Shaders</Filter>
    </None>
    <None Include="Assets\Shaders\unlit_solids_vs.glsl">
      <Filter>Shaders</Filter>
    </None>
    <None Include="Assets\Shaders\world_point_vs.glsl">
      <Filter>Shaders</Filter>
    </None>
    <None Include="Assets\Shaders\world_point_fs.glsl">
      <Filter>Shaders</Filter>
    </None>
    <None Include="Assets\Shaders\animated_solids_vs.glsl">
      <Filter>Shaders</Filter>
    </None>
    <None Include="Assets\Shaders\animated_solids_fs.glsl">
      <Filter>Shaders</Filter>
    </None>
  </ItemGroup>
</Project>