<?xml version="1.0" encoding="utf-8"?>
<Project ToolsVersion="4.0" xmlns="http://schemas.microsoft.com/developer/msbuild/2003">
  <ItemGroup>
    <Filter Include="Components">
      <UniqueIdentifier>{847e9994-ca20-4e51-a890-cae897d8bc20}</UniqueIdentifier>
    </Filter>
    <Filter Include="Renderer">
      <UniqueIdentifier>{e6679e80-6f21-4b21-a238-978d31b00bc6}</UniqueIdentifier>
    </Filter>
    <Filter Include="UI">
      <UniqueIdentifier>{c998a6ff-1757-4614-a41c-49ac5c04f945}</UniqueIdentifier>
    </Filter>
    <Filter Include="Utils">
      <UniqueIdentifier>{2251bd66-3479-4fec-9ece-fdab5783f6a3}</UniqueIdentifier>
    </Filter>
    <Filter Include="Scene">
      <UniqueIdentifier>{9877ad1d-84ff-4d85-ae54-c6bbf38132e9}</UniqueIdentifier>
    </Filter>
    <Filter Include="Shaders">
      <UniqueIdentifier>{e89178ad-38f1-4d01-8fbe-afa5f13a3dbd}</UniqueIdentifier>
    </Filter>
  </ItemGroup>
  <ItemGroup>
    <ClCompile Include="Components\BaseComponent.cpp">
      <Filter>Components</Filter>
    </ClCompile>
    <ClCompile Include="Components\Transform.cpp">
      <Filter>Components</Filter>
    </ClCompile>
    <ClCompile Include="Utils\Logger.cpp">
      <Filter>Utils</Filter>
    </ClCompile>
    <ClCompile Include="UI\TextRenderer.cpp">
      <Filter>UI</Filter>
    </ClCompile>
    <ClCompile Include="Renderer\ShaderProgram.cpp">
      <Filter>Renderer</Filter>
    </ClCompile>
    <ClCompile Include="Renderer\Texture2D.cpp">
      <Filter>Renderer</Filter>
    </ClCompile>
    <ClCompile Include="Renderer\VertexArrayObject.cpp">
      <Filter>Renderer</Filter>
    </ClCompile>
    <ClCompile Include="Engine.cpp" />
    <ClCompile Include="glad.c" />
    <ClCompile Include="GLFWGame.cpp" />
    <ClCompile Include="InputHandler.cpp" />
    <ClCompile Include="Main.cpp" />
    <ClCompile Include="Timer.cpp" />
    <ClCompile Include="Scene\Scene.cpp">
      <Filter>Scene</Filter>
    </ClCompile>
    <ClCompile Include="Components\GameActor.cpp">
      <Filter>Components</Filter>
    </ClCompile>
    <ClCompile Include="Scene\DebugCamera.cpp">
      <Filter>Scene</Filter>
    </ClCompile>
    <ClCompile Include="Scene\CameraNode.cpp">
      <Filter>Scene</Filter>
    </ClCompile>
    <ClCompile Include="Scene\BaseNode.cpp">
      <Filter>Scene</Filter>
    </ClCompile>
    <ClCompile Include="Components\BaseRenderComponent.cpp">
      <Filter>Components</Filter>
    </ClCompile>
    <ClCompile Include="Scene\RootNode.cpp">
      <Filter>Scene</Filter>
    </ClCompile>
    <ClCompile Include="Scene\BoxNode.cpp">
      <Filter>Scene</Filter>
    </ClCompile>
    <ClCompile Include="Scene\SphereNode.cpp">
      <Filter>Scene</Filter>
    </ClCompile>
    <ClCompile Include="Scene\SkyNode.cpp">
      <Filter>Scene</Filter>
    </ClCompile>
    <ClCompile Include="Renderer\Cubemap.cpp">
      <Filter>Renderer</Filter>
    </ClCompile>
    <ClCompile Include="Renderer\GLRenderer.cpp">
      <Filter>Renderer</Filter>
    </ClCompile>
    <ClCompile Include="Renderer\RenderState.cpp">
      <Filter>Renderer</Filter>
    </ClCompile>
    <ClCompile Include="Renderer\Framebuffer.cpp">
      <Filter>Renderer</Filter>
    </ClCompile>
    <ClCompile Include="Components\PawnActor.cpp">
      <Filter>Components</Filter>
    </ClCompile>
  </ItemGroup>
  <ItemGroup>
    <ClInclude Include="Components\BaseComponent.h">
      <Filter>Components</Filter>
    </ClInclude>
    <ClInclude Include="Components\Transform.h">
      <Filter>Components</Filter>
    </ClInclude>
    <ClInclude Include="Utils\Logger.h">
      <Filter>Utils</Filter>
    </ClInclude>
    <ClInclude Include="UI\TextRenderer.hpp">
      <Filter>UI</Filter>
    </ClInclude>
    <ClInclude Include="Renderer\ShaderProgram.h">
      <Filter>Renderer</Filter>
    </ClInclude>
    <ClInclude Include="Renderer\Texture2D.h">
      <Filter>Renderer</Filter>
    </ClInclude>
    <ClInclude Include="Renderer\VertexArrayObject.h">
      <Filter>Renderer</Filter>
    </ClInclude>
    <ClInclude Include="Engine.h" />
    <ClInclude Include="GLFWGame.h" />
    <ClInclude Include="Helpers.h" />
    <ClInclude Include="InputHandler.h" />
    <ClInclude Include="TextContainer.h" />
    <ClInclude Include="Timer.h" />
    <ClInclude Include="UserInputListener.h" />
    <ClInclude Include="Scene\Scene.h">
      <Filter>Scene</Filter>
    </ClInclude>
    <ClInclude Include="Components\GameActor.h">
      <Filter>Components</Filter>
    </ClInclude>
    <ClInclude Include="Scene\DebugCamera.h">
      <Filter>Scene</Filter>
    </ClInclude>
    <ClInclude Include="Scene\CameraNode.h">
      <Filter>Scene</Filter>
    </ClInclude>
    <ClInclude Include="Scene\BaseNode.h">
      <Filter>Scene</Filter>
    </ClInclude>
    <ClInclude Include="Scene\defines.h" />
    <ClInclude Include="Components\BaseRenderComponent.h">
      <Filter>Components</Filter>
    </ClInclude>
    <ClInclude Include="Scene\BoxNode.h">
      <Filter>Scene</Filter>
    </ClInclude>
    <ClInclude Include="Scene\RootNode.h">
      <Filter>Scene</Filter>
    </ClInclude>
    <ClInclude Include="Scene\SphereNode.h">
      <Filter>Scene</Filter>
    </ClInclude>
    <ClInclude Include="Scene\SkyNode.h">
      <Filter>Scene</Filter>
    </ClInclude>
    <ClInclude Include="Renderer\Cubemap.h">
      <Filter>Renderer</Filter>
    </ClInclude>
    <ClInclude Include="Renderer\GLRenderer.h">
      <Filter>Renderer</Filter>
    </ClInclude>
    <ClInclude Include="Renderer\RenderState.h">
      <Filter>Renderer</Filter>
    </ClInclude>
    <ClInclude Include="Components\MovementComponent.h">
      <Filter>Components</Filter>
    </ClInclude>
    <ClInclude Include="Renderer\Framebuffer.h">
      <Filter>Renderer</Filter>
    </ClInclude>
    <ClInclude Include="Components\PawnActor.h">
      <Filter>Components</Filter>
    </ClInclude>
  </ItemGroup>
  <ItemGroup>
    <Text Include="log.txt" />
  </ItemGroup>
  <ItemGroup>
    <None Include="Assets\Shaders\cubemap_fs.glsl">
      <Filter>Shaders</Filter>
    </None>
    <None Include="Assets\Shaders\cubemap_vs.glsl">
      <Filter>Shaders</Filter>
    </None>
    <None Include="Assets\Shaders\LitVertices_FS.GLSL">
      <Filter>Shaders</Filter>
    </None>
    <None Include="Assets\Shaders\LitVertices_VS.GLSL">
      <Filter>Shaders</Filter>
    </None>
    <None Include="Assets\Shaders\test_fs.glsl">
      <Filter>Shaders</Filter>
    </None>
    <None Include="Assets\Shaders\test_vs.glsl">
      <Filter>Shaders</Filter>
    </None>
    <None Include="Assets\Shaders\text_fs.glsl">
      <Filter>Shaders</Filter>
    </None>
    <None Include="Assets\Shaders\text_vs.glsl">
      <Filter>Shaders</Filter>
    </None>
    <None Include="Assets\Shaders\main_output_fs.glsl">
      <Filter>Shaders</Filter>
    </None>
    <None Include="Assets\Shaders\main_output_vs.glsl">
      <Filter>Shaders</Filter>
    </None>
    <None Include="Assets\Shaders\shadow_map_vs.glsl">
      <Filter>Shaders</Filter>
    </None>
    <None Include="Assets\Shaders\shadow_map_fs.glsl">
      <Filter>Shaders</Filter>
    </None>
  </ItemGroup>
</Project>